
Microsoft Visual Studio Solution File, Format Version 12.00
# Visual Studio Version 17
VisualStudioVersion = 17.0.31903.59
MinimumVisualStudioVersion = 10.0.40219.1
Project("{2150E333-8FDC-42A3-9474-1A3956D46DE8}") = "BuildingBlocks", "BuildingBlocks", "{81345C46-8A11-4A24-9BBB-F2240BF62452}"
EndProject
Project("{2150E333-8FDC-42A3-9474-1A3956D46DE8}") = "Solution Items", "Solution Items", "{C79D8BB4-A1F2-4274-A56D-C243550E6A05}"
	ProjectSection(SolutionItems) = preProject
		Directory.Build.props = Directory.Build.props
		Directory.Packages.props = Directory.Packages.props
	EndProjectSection
EndProject
Project("{FAE04EC0-301F-11D3-BF4B-00C04F79EFBC}") = "BookWorm.AppHost", "src\BuildingBlocks\BookWorm.AppHost\BookWorm.AppHost.csproj", "{4B6578A6-1AC3-4A57-9C6E-2FAAE2538270}"
EndProject
Project("{FAE04EC0-301F-11D3-BF4B-00C04F79EFBC}") = "BookWorm.ServiceDefaults", "src\BuildingBlocks\BookWorm.ServiceDefaults\BookWorm.ServiceDefaults.csproj", "{8F711DBF-F893-49BA-8580-3BA2E56002E8}"
EndProject
Project("{2150E333-8FDC-42A3-9474-1A3956D46DE8}") = "Services", "Services", "{4C1788CA-E4D1-4DB9-BB45-84A92496725D}"
EndProject
Project("{FAE04EC0-301F-11D3-BF4B-00C04F79EFBC}") = "BookWorm.Catalog", "src\Services\Catalog\BookWorm.Catalog\BookWorm.Catalog.csproj", "{C2C62026-98E8-4DA3-B42B-7F531CEE8B56}"
EndProject
Project("{FAE04EC0-301F-11D3-BF4B-00C04F79EFBC}") = "BookWorm.Constants", "src\BuildingBlocks\BookWorm.Constants\BookWorm.Constants.csproj", "{C1523E07-245C-4BA6-8953-A1CC9D8BBCE8}"
EndProject
Project("{2150E333-8FDC-42A3-9474-1A3956D46DE8}") = "Catalog", "Catalog", "{FB49D487-50A6-407C-A019-A6BD2F4E4A5A}"
EndProject
Project("{2150E333-8FDC-42A3-9474-1A3956D46DE8}") = "Basket", "Basket", "{937A50F3-93A8-498E-BE10-E2B29703AA67}"
EndProject
Project("{FAE04EC0-301F-11D3-BF4B-00C04F79EFBC}") = "BookWorm.Basket", "src\Services\Basket\BookWorm.Basket\BookWorm.Basket.csproj", "{AAC47D7E-9899-4470-BF2E-4C7F8CCDA06F}"
EndProject
Project("{2150E333-8FDC-42A3-9474-1A3956D46DE8}") = "Ordering", "Ordering", "{2566D0E9-22AA-459C-B032-46DA0D621993}"
EndProject
Project("{FAE04EC0-301F-11D3-BF4B-00C04F79EFBC}") = "BookWorm.Ordering", "src\Services\Ordering\BookWorm.Ordering\BookWorm.Ordering.csproj", "{71FE82AA-B690-4608-AD45-F0BE0F8EF19E}"
EndProject
Project("{2150E333-8FDC-42A3-9474-1A3956D46DE8}") = "Rating", "Rating", "{AC41230E-674E-44EB-9AA0-3B309F1211CF}"
EndProject
Project("{FAE04EC0-301F-11D3-BF4B-00C04F79EFBC}") = "BookWorm.Rating", "src\Services\Rating\BookWorm.Rating\BookWorm.Rating.csproj", "{49ECD557-D56F-415B-9FC8-32C27C24ECD9}"
EndProject
Project("{FAE04EC0-301F-11D3-BF4B-00C04F79EFBC}") = "BookWorm.SharedKernel", "src\BuildingBlocks\BookWorm.SharedKernel\BookWorm.SharedKernel.csproj", "{6204EDCB-3ACC-4F15-B7C4-014A82FD8FB4}"
EndProject
Project("{2150E333-8FDC-42A3-9474-1A3956D46DE8}") = "Customer", "Customer", "{DA088EB1-DAB8-4C91-87A7-9BC606D81787}"
EndProject
Project("{FAE04EC0-301F-11D3-BF4B-00C04F79EFBC}") = "BookWorm.Customer", "src\Services\Customer\BookWorm.Customer\BookWorm.Customer.csproj", "{07521AD9-30D1-412E-BFEF-0D15037EB8FF}"
EndProject
Project("{FAE04EC0-301F-11D3-BF4B-00C04F79EFBC}") = "BookWorm.Basket.UnitTests", "src\Services\Basket\BookWorm.Basket.UnitTests\BookWorm.Basket.UnitTests.csproj", "{52D99FE4-50F8-4889-BDC8-49FCD48D4A41}"
EndProject
Project("{FAE04EC0-301F-11D3-BF4B-00C04F79EFBC}") = "BookWorm.Catalog.UnitTests", "src\Services\Catalog\BookWorm.Catalog.UnitTests\BookWorm.Catalog.UnitTests.csproj", "{1D74D262-91A4-4809-BF64-1EF6A01E9447}"
EndProject
Project("{FAE04EC0-301F-11D3-BF4B-00C04F79EFBC}") = "BookWorm.Customer.UnitTests", "src\Services\Customer\BookWorm.Customer.UnitTests\BookWorm.Customer.UnitTests.csproj", "{4168642A-A18A-4E12-BC48-A3892E08D8C7}"
EndProject
Project("{FAE04EC0-301F-11D3-BF4B-00C04F79EFBC}") = "BookWorm.Ordering.UnitTests", "src\Services\Ordering\BookWorm.Ordering.UnitTests\BookWorm.Ordering.UnitTests.csproj", "{285D78A2-FE4A-426F-A94E-6D5E9E6E2E8D}"
EndProject
Project("{FAE04EC0-301F-11D3-BF4B-00C04F79EFBC}") = "BookWorm.Rating.UnitTests", "src\Services\Rating\BookWorm.Rating.UnitTests\BookWorm.Rating.UnitTests.csproj", "{925A1F28-E1F7-4CBB-8C39-6F1C2A8ACC19}"
EndProject
Project("{2150E333-8FDC-42A3-9474-1A3956D46DE8}") = "Proxy", "Proxy", "{3AB8A23D-41CA-41DA-8989-FC930AE4667F}"
EndProject
Project("{FAE04EC0-301F-11D3-BF4B-00C04F79EFBC}") = "BookWorm.ApiGateway", "src\BookWorm.ApiGateway\BookWorm.ApiGateway.csproj", "{68C14EA3-4F0F-41F3-9629-F478ECF36A5B}"
EndProject
Project("{2150E333-8FDC-42A3-9474-1A3956D46DE8}") = "Notification", "Notification", "{FC181E56-9BCA-4D33-A44D-823E865C3F18}"
EndProject
Project("{FAE04EC0-301F-11D3-BF4B-00C04F79EFBC}") = "BookWorm.Notification", "src\Services\Notification\BookWorm.Notification\BookWorm.Notification.csproj", "{F60ECCFA-52FD-42EE-9A41-F3C19EB70020}"
EndProject
Project("{FAE04EC0-301F-11D3-BF4B-00C04F79EFBC}") = "BookWorm.Notification.UnitTests", "src\Services\Notification\BookWorm.Notification.UnitTests\BookWorm.Notification.UnitTests.csproj", "{5DAA12A8-B33C-440E-927E-6DD3C57EC6A6}"
EndProject
Project("{2150E333-8FDC-42A3-9474-1A3956D46DE8}") = "Inventory", "Inventory", "{1DD76678-F168-489D-86DD-A37736524714}"
EndProject
Project("{FAE04EC0-301F-11D3-BF4B-00C04F79EFBC}") = "BookWorm.Inventory", "src\Services\Inventory\BookWorm.Inventory\BookWorm.Inventory.csproj", "{534ACBEB-4CFE-401D-A98C-2F7D8ED883D4}"
EndProject
Project("{FAE04EC0-301F-11D3-BF4B-00C04F79EFBC}") = "BookWorm.Inventory.UnitTests", "src\Services\Inventory\BookWorm.Inventory.UnitTests\BookWorm.Inventory.UnitTests.csproj", "{E59201EB-39A8-470E-ABDC-C3821FEC593E}"
EndProject
Project("{2150E333-8FDC-42A3-9474-1A3956D46DE8}") = "Payment", "Payment", "{1091E53D-62D0-4703-A962-8F1F567BBBFE}"
EndProject
Project("{FAE04EC0-301F-11D3-BF4B-00C04F79EFBC}") = "BookWorm.Payment", "src\Services\Payment\BookWorm.Payment\BookWorm.Payment.csproj", "{4E3217BE-600B-4041-99B3-F0C8BD631538}"
EndProject
Project("{FAE04EC0-301F-11D3-BF4B-00C04F79EFBC}") = "BookWorm.Payment.UnitTests", "src\Services\Payment\BookWorm.Payment.UnitTests\BookWorm.Payment.UnitTests.csproj", "{F7F98902-970F-4464-B9B5-927CA90A78C1}"
EndProject
Project("{2150E333-8FDC-42A3-9474-1A3956D46DE8}") = "Client", "Client", "{0354A236-5AA1-40C8-B641-02340E7ED5F8}"
EndProject
Project("{FAE04EC0-301F-11D3-BF4B-00C04F79EFBC}") = "BookWorm.BackOffice", "src\BookWorm.BackOffice\BookWorm.BackOffice\BookWorm.BackOffice.csproj", "{84773ADC-D589-47B7-96B5-3515E6D1E5ED}"
EndProject
Project("{FAE04EC0-301F-11D3-BF4B-00C04F79EFBC}") = "BookWorm.BackOffice.Client", "src\BookWorm.BackOffice\BookWorm.BackOffice.Client\BookWorm.BackOffice.Client.csproj", "{2D9F3656-AD10-40D2-BF3C-987757C751A2}"
EndProject
Global
	GlobalSection(SolutionConfigurationPlatforms) = preSolution
		Debug|Any CPU = Debug|Any CPU
		Release|Any CPU = Release|Any CPU
	EndGlobalSection
	GlobalSection(ProjectConfigurationPlatforms) = postSolution
		{4B6578A6-1AC3-4A57-9C6E-2FAAE2538270}.Debug|Any CPU.ActiveCfg = Debug|Any CPU
		{4B6578A6-1AC3-4A57-9C6E-2FAAE2538270}.Debug|Any CPU.Build.0 = Debug|Any CPU
		{4B6578A6-1AC3-4A57-9C6E-2FAAE2538270}.Release|Any CPU.ActiveCfg = Release|Any CPU
		{4B6578A6-1AC3-4A57-9C6E-2FAAE2538270}.Release|Any CPU.Build.0 = Release|Any CPU
		{8F711DBF-F893-49BA-8580-3BA2E56002E8}.Debug|Any CPU.ActiveCfg = Debug|Any CPU
		{8F711DBF-F893-49BA-8580-3BA2E56002E8}.Debug|Any CPU.Build.0 = Debug|Any CPU
		{8F711DBF-F893-49BA-8580-3BA2E56002E8}.Release|Any CPU.ActiveCfg = Release|Any CPU
		{8F711DBF-F893-49BA-8580-3BA2E56002E8}.Release|Any CPU.Build.0 = Release|Any CPU
		{C2C62026-98E8-4DA3-B42B-7F531CEE8B56}.Debug|Any CPU.ActiveCfg = Debug|Any CPU
		{C2C62026-98E8-4DA3-B42B-7F531CEE8B56}.Debug|Any CPU.Build.0 = Debug|Any CPU
		{C2C62026-98E8-4DA3-B42B-7F531CEE8B56}.Release|Any CPU.ActiveCfg = Release|Any CPU
		{C2C62026-98E8-4DA3-B42B-7F531CEE8B56}.Release|Any CPU.Build.0 = Release|Any CPU
		{C1523E07-245C-4BA6-8953-A1CC9D8BBCE8}.Debug|Any CPU.ActiveCfg = Debug|Any CPU
		{C1523E07-245C-4BA6-8953-A1CC9D8BBCE8}.Debug|Any CPU.Build.0 = Debug|Any CPU
		{C1523E07-245C-4BA6-8953-A1CC9D8BBCE8}.Release|Any CPU.ActiveCfg = Release|Any CPU
		{C1523E07-245C-4BA6-8953-A1CC9D8BBCE8}.Release|Any CPU.Build.0 = Release|Any CPU
		{AAC47D7E-9899-4470-BF2E-4C7F8CCDA06F}.Debug|Any CPU.ActiveCfg = Debug|Any CPU
		{AAC47D7E-9899-4470-BF2E-4C7F8CCDA06F}.Debug|Any CPU.Build.0 = Debug|Any CPU
		{AAC47D7E-9899-4470-BF2E-4C7F8CCDA06F}.Release|Any CPU.ActiveCfg = Release|Any CPU
		{AAC47D7E-9899-4470-BF2E-4C7F8CCDA06F}.Release|Any CPU.Build.0 = Release|Any CPU
		{71FE82AA-B690-4608-AD45-F0BE0F8EF19E}.Debug|Any CPU.ActiveCfg = Debug|Any CPU
		{71FE82AA-B690-4608-AD45-F0BE0F8EF19E}.Debug|Any CPU.Build.0 = Debug|Any CPU
		{71FE82AA-B690-4608-AD45-F0BE0F8EF19E}.Release|Any CPU.ActiveCfg = Release|Any CPU
		{71FE82AA-B690-4608-AD45-F0BE0F8EF19E}.Release|Any CPU.Build.0 = Release|Any CPU
		{49ECD557-D56F-415B-9FC8-32C27C24ECD9}.Debug|Any CPU.ActiveCfg = Debug|Any CPU
		{49ECD557-D56F-415B-9FC8-32C27C24ECD9}.Debug|Any CPU.Build.0 = Debug|Any CPU
		{49ECD557-D56F-415B-9FC8-32C27C24ECD9}.Release|Any CPU.ActiveCfg = Release|Any CPU
		{49ECD557-D56F-415B-9FC8-32C27C24ECD9}.Release|Any CPU.Build.0 = Release|Any CPU
		{6204EDCB-3ACC-4F15-B7C4-014A82FD8FB4}.Debug|Any CPU.ActiveCfg = Debug|Any CPU
		{6204EDCB-3ACC-4F15-B7C4-014A82FD8FB4}.Debug|Any CPU.Build.0 = Debug|Any CPU
		{6204EDCB-3ACC-4F15-B7C4-014A82FD8FB4}.Release|Any CPU.ActiveCfg = Release|Any CPU
		{6204EDCB-3ACC-4F15-B7C4-014A82FD8FB4}.Release|Any CPU.Build.0 = Release|Any CPU
		{07521AD9-30D1-412E-BFEF-0D15037EB8FF}.Debug|Any CPU.ActiveCfg = Debug|Any CPU
		{07521AD9-30D1-412E-BFEF-0D15037EB8FF}.Debug|Any CPU.Build.0 = Debug|Any CPU
		{07521AD9-30D1-412E-BFEF-0D15037EB8FF}.Release|Any CPU.ActiveCfg = Release|Any CPU
		{07521AD9-30D1-412E-BFEF-0D15037EB8FF}.Release|Any CPU.Build.0 = Release|Any CPU
		{52D99FE4-50F8-4889-BDC8-49FCD48D4A41}.Debug|Any CPU.ActiveCfg = Debug|Any CPU
		{52D99FE4-50F8-4889-BDC8-49FCD48D4A41}.Debug|Any CPU.Build.0 = Debug|Any CPU
		{52D99FE4-50F8-4889-BDC8-49FCD48D4A41}.Release|Any CPU.ActiveCfg = Release|Any CPU
		{52D99FE4-50F8-4889-BDC8-49FCD48D4A41}.Release|Any CPU.Build.0 = Release|Any CPU
		{1D74D262-91A4-4809-BF64-1EF6A01E9447}.Debug|Any CPU.ActiveCfg = Debug|Any CPU
		{1D74D262-91A4-4809-BF64-1EF6A01E9447}.Debug|Any CPU.Build.0 = Debug|Any CPU
		{1D74D262-91A4-4809-BF64-1EF6A01E9447}.Release|Any CPU.ActiveCfg = Release|Any CPU
		{1D74D262-91A4-4809-BF64-1EF6A01E9447}.Release|Any CPU.Build.0 = Release|Any CPU
		{4168642A-A18A-4E12-BC48-A3892E08D8C7}.Debug|Any CPU.ActiveCfg = Debug|Any CPU
		{4168642A-A18A-4E12-BC48-A3892E08D8C7}.Debug|Any CPU.Build.0 = Debug|Any CPU
		{4168642A-A18A-4E12-BC48-A3892E08D8C7}.Release|Any CPU.ActiveCfg = Release|Any CPU
		{4168642A-A18A-4E12-BC48-A3892E08D8C7}.Release|Any CPU.Build.0 = Release|Any CPU
		{285D78A2-FE4A-426F-A94E-6D5E9E6E2E8D}.Debug|Any CPU.ActiveCfg = Debug|Any CPU
		{285D78A2-FE4A-426F-A94E-6D5E9E6E2E8D}.Debug|Any CPU.Build.0 = Debug|Any CPU
		{285D78A2-FE4A-426F-A94E-6D5E9E6E2E8D}.Release|Any CPU.ActiveCfg = Release|Any CPU
		{285D78A2-FE4A-426F-A94E-6D5E9E6E2E8D}.Release|Any CPU.Build.0 = Release|Any CPU
		{925A1F28-E1F7-4CBB-8C39-6F1C2A8ACC19}.Debug|Any CPU.ActiveCfg = Debug|Any CPU
		{925A1F28-E1F7-4CBB-8C39-6F1C2A8ACC19}.Debug|Any CPU.Build.0 = Debug|Any CPU
		{925A1F28-E1F7-4CBB-8C39-6F1C2A8ACC19}.Release|Any CPU.ActiveCfg = Release|Any CPU
		{925A1F28-E1F7-4CBB-8C39-6F1C2A8ACC19}.Release|Any CPU.Build.0 = Release|Any CPU
		{68C14EA3-4F0F-41F3-9629-F478ECF36A5B}.Debug|Any CPU.ActiveCfg = Debug|Any CPU
		{68C14EA3-4F0F-41F3-9629-F478ECF36A5B}.Debug|Any CPU.Build.0 = Debug|Any CPU
		{68C14EA3-4F0F-41F3-9629-F478ECF36A5B}.Release|Any CPU.ActiveCfg = Release|Any CPU
		{68C14EA3-4F0F-41F3-9629-F478ECF36A5B}.Release|Any CPU.Build.0 = Release|Any CPU
		{F60ECCFA-52FD-42EE-9A41-F3C19EB70020}.Debug|Any CPU.ActiveCfg = Debug|Any CPU
		{F60ECCFA-52FD-42EE-9A41-F3C19EB70020}.Debug|Any CPU.Build.0 = Debug|Any CPU
		{F60ECCFA-52FD-42EE-9A41-F3C19EB70020}.Release|Any CPU.ActiveCfg = Release|Any CPU
		{F60ECCFA-52FD-42EE-9A41-F3C19EB70020}.Release|Any CPU.Build.0 = Release|Any CPU
		{5DAA12A8-B33C-440E-927E-6DD3C57EC6A6}.Debug|Any CPU.ActiveCfg = Debug|Any CPU
		{5DAA12A8-B33C-440E-927E-6DD3C57EC6A6}.Debug|Any CPU.Build.0 = Debug|Any CPU
		{5DAA12A8-B33C-440E-927E-6DD3C57EC6A6}.Release|Any CPU.ActiveCfg = Release|Any CPU
		{5DAA12A8-B33C-440E-927E-6DD3C57EC6A6}.Release|Any CPU.Build.0 = Release|Any CPU
		{534ACBEB-4CFE-401D-A98C-2F7D8ED883D4}.Debug|Any CPU.ActiveCfg = Debug|Any CPU
		{534ACBEB-4CFE-401D-A98C-2F7D8ED883D4}.Debug|Any CPU.Build.0 = Debug|Any CPU
		{534ACBEB-4CFE-401D-A98C-2F7D8ED883D4}.Release|Any CPU.ActiveCfg = Release|Any CPU
		{534ACBEB-4CFE-401D-A98C-2F7D8ED883D4}.Release|Any CPU.Build.0 = Release|Any CPU
		{E59201EB-39A8-470E-ABDC-C3821FEC593E}.Debug|Any CPU.ActiveCfg = Debug|Any CPU
		{E59201EB-39A8-470E-ABDC-C3821FEC593E}.Debug|Any CPU.Build.0 = Debug|Any CPU
		{E59201EB-39A8-470E-ABDC-C3821FEC593E}.Release|Any CPU.ActiveCfg = Release|Any CPU
		{E59201EB-39A8-470E-ABDC-C3821FEC593E}.Release|Any CPU.Build.0 = Release|Any CPU
		{4E3217BE-600B-4041-99B3-F0C8BD631538}.Debug|Any CPU.ActiveCfg = Debug|Any CPU
		{4E3217BE-600B-4041-99B3-F0C8BD631538}.Debug|Any CPU.Build.0 = Debug|Any CPU
		{4E3217BE-600B-4041-99B3-F0C8BD631538}.Release|Any CPU.ActiveCfg = Release|Any CPU
		{4E3217BE-600B-4041-99B3-F0C8BD631538}.Release|Any CPU.Build.0 = Release|Any CPU
		{F7F98902-970F-4464-B9B5-927CA90A78C1}.Debug|Any CPU.ActiveCfg = Debug|Any CPU
		{F7F98902-970F-4464-B9B5-927CA90A78C1}.Debug|Any CPU.Build.0 = Debug|Any CPU
		{F7F98902-970F-4464-B9B5-927CA90A78C1}.Release|Any CPU.ActiveCfg = Release|Any CPU
		{F7F98902-970F-4464-B9B5-927CA90A78C1}.Release|Any CPU.Build.0 = Release|Any CPU
		{84773ADC-D589-47B7-96B5-3515E6D1E5ED}.Debug|Any CPU.ActiveCfg = Debug|Any CPU
		{84773ADC-D589-47B7-96B5-3515E6D1E5ED}.Debug|Any CPU.Build.0 = Debug|Any CPU
		{84773ADC-D589-47B7-96B5-3515E6D1E5ED}.Release|Any CPU.ActiveCfg = Release|Any CPU
		{84773ADC-D589-47B7-96B5-3515E6D1E5ED}.Release|Any CPU.Build.0 = Release|Any CPU
		{2D9F3656-AD10-40D2-BF3C-987757C751A2}.Debug|Any CPU.ActiveCfg = Debug|Any CPU
		{2D9F3656-AD10-40D2-BF3C-987757C751A2}.Debug|Any CPU.Build.0 = Debug|Any CPU
		{2D9F3656-AD10-40D2-BF3C-987757C751A2}.Release|Any CPU.ActiveCfg = Release|Any CPU
		{2D9F3656-AD10-40D2-BF3C-987757C751A2}.Release|Any CPU.Build.0 = Release|Any CPU
	EndGlobalSection
	GlobalSection(SolutionProperties) = preSolution
		HideSolutionNode = FALSE
	EndGlobalSection
	GlobalSection(NestedProjects) = preSolution
		{4B6578A6-1AC3-4A57-9C6E-2FAAE2538270} = {81345C46-8A11-4A24-9BBB-F2240BF62452}
		{8F711DBF-F893-49BA-8580-3BA2E56002E8} = {81345C46-8A11-4A24-9BBB-F2240BF62452}
		{C2C62026-98E8-4DA3-B42B-7F531CEE8B56} = {FB49D487-50A6-407C-A019-A6BD2F4E4A5A}
		{C1523E07-245C-4BA6-8953-A1CC9D8BBCE8} = {81345C46-8A11-4A24-9BBB-F2240BF62452}
		{FB49D487-50A6-407C-A019-A6BD2F4E4A5A} = {4C1788CA-E4D1-4DB9-BB45-84A92496725D}
		{937A50F3-93A8-498E-BE10-E2B29703AA67} = {4C1788CA-E4D1-4DB9-BB45-84A92496725D}
		{AAC47D7E-9899-4470-BF2E-4C7F8CCDA06F} = {937A50F3-93A8-498E-BE10-E2B29703AA67}
		{2566D0E9-22AA-459C-B032-46DA0D621993} = {4C1788CA-E4D1-4DB9-BB45-84A92496725D}
		{71FE82AA-B690-4608-AD45-F0BE0F8EF19E} = {2566D0E9-22AA-459C-B032-46DA0D621993}
		{AC41230E-674E-44EB-9AA0-3B309F1211CF} = {4C1788CA-E4D1-4DB9-BB45-84A92496725D}
		{49ECD557-D56F-415B-9FC8-32C27C24ECD9} = {AC41230E-674E-44EB-9AA0-3B309F1211CF}
		{6204EDCB-3ACC-4F15-B7C4-014A82FD8FB4} = {81345C46-8A11-4A24-9BBB-F2240BF62452}
		{DA088EB1-DAB8-4C91-87A7-9BC606D81787} = {4C1788CA-E4D1-4DB9-BB45-84A92496725D}
		{07521AD9-30D1-412E-BFEF-0D15037EB8FF} = {DA088EB1-DAB8-4C91-87A7-9BC606D81787}
		{52D99FE4-50F8-4889-BDC8-49FCD48D4A41} = {937A50F3-93A8-498E-BE10-E2B29703AA67}
		{1D74D262-91A4-4809-BF64-1EF6A01E9447} = {FB49D487-50A6-407C-A019-A6BD2F4E4A5A}
		{4168642A-A18A-4E12-BC48-A3892E08D8C7} = {DA088EB1-DAB8-4C91-87A7-9BC606D81787}
		{285D78A2-FE4A-426F-A94E-6D5E9E6E2E8D} = {2566D0E9-22AA-459C-B032-46DA0D621993}
		{925A1F28-E1F7-4CBB-8C39-6F1C2A8ACC19} = {AC41230E-674E-44EB-9AA0-3B309F1211CF}
		{68C14EA3-4F0F-41F3-9629-F478ECF36A5B} = {3AB8A23D-41CA-41DA-8989-FC930AE4667F}
		{FC181E56-9BCA-4D33-A44D-823E865C3F18} = {4C1788CA-E4D1-4DB9-BB45-84A92496725D}
		{F60ECCFA-52FD-42EE-9A41-F3C19EB70020} = {FC181E56-9BCA-4D33-A44D-823E865C3F18}
		{5DAA12A8-B33C-440E-927E-6DD3C57EC6A6} = {FC181E56-9BCA-4D33-A44D-823E865C3F18}
		{1DD76678-F168-489D-86DD-A37736524714} = {4C1788CA-E4D1-4DB9-BB45-84A92496725D}
		{534ACBEB-4CFE-401D-A98C-2F7D8ED883D4} = {1DD76678-F168-489D-86DD-A37736524714}
		{E59201EB-39A8-470E-ABDC-C3821FEC593E} = {1DD76678-F168-489D-86DD-A37736524714}
		{1091E53D-62D0-4703-A962-8F1F567BBBFE} = {4C1788CA-E4D1-4DB9-BB45-84A92496725D}
		{4E3217BE-600B-4041-99B3-F0C8BD631538} = {1091E53D-62D0-4703-A962-8F1F567BBBFE}
		{F7F98902-970F-4464-B9B5-927CA90A78C1} = {1091E53D-62D0-4703-A962-8F1F567BBBFE}
		{84773ADC-D589-47B7-96B5-3515E6D1E5ED} = {0354A236-5AA1-40C8-B641-02340E7ED5F8}
		{2D9F3656-AD10-40D2-BF3C-987757C751A2} = {0354A236-5AA1-40C8-B641-02340E7ED5F8}
	EndGlobalSection
EndGlobal
